{
  "name": "linear-rergression",
  "version": "1.0.0",
  "lockfileVersion": 1,
  "requires": true,
  "dependencies": {
    "@tensorflow/tfjs": {
      "version": "1.7.1",
      "resolved": "https://registry.npm.taobao.org/@tensorflow/tfjs/download/@tensorflow/tfjs-1.7.1.tgz",
      "integrity": "sha1-Ro4kqNGnPDaYdqxeeNdVB5pfxJM=",
      "requires": {
        "@tensorflow/tfjs-converter": "1.7.1",
        "@tensorflow/tfjs-core": "1.7.1",
        "@tensorflow/tfjs-data": "1.7.1",
        "@tensorflow/tfjs-layers": "1.7.1"
      }
    },
    "@tensorflow/tfjs-converter": {
      "version": "1.7.1",
      "resolved": "https://registry.npm.taobao.org/@tensorflow/tfjs-converter/download/@tensorflow/tfjs-converter-1.7.1.tgz",
      "integrity": "sha1-uWq7sbOOlgiHCThswh9JAoCcq78="
    },
    "@tensorflow/tfjs-core": {
      "version": "1.7.1",
      "resolved": "https://registry.npm.taobao.org/@tensorflow/tfjs-core/download/@tensorflow/tfjs-core-1.7.1.tgz",
      "integrity": "sha1-FFw8cN4OCu8R/36crfez+oHOE+I=",
      "requires": {
        "@types/offscreencanvas": "~2019.3.0",
        "@types/seedrandom": "2.4.27",
        "@types/webgl-ext": "0.0.30",
        "@types/webgl2": "0.0.4",
        "node-fetch": "~2.1.2",
        "seedrandom": "2.4.3"
      }
    },
    "@tensorflow/tfjs-data": {
      "version": "1.7.1",
      "resolved": "https://registry.npm.taobao.org/@tensorflow/tfjs-data/download/@tensorflow/tfjs-data-1.7.1.tgz",
      "integrity": "sha1-v4NxlV8UziAcBw8a8jWmP1uydI4=",
      "requires": {
        "@types/node-fetch": "^2.1.2",
        "node-fetch": "~2.1.2"
      }
    },
    "@tensorflow/tfjs-layers": {
      "version": "1.7.1",
      "resolved": "https://registry.npm.taobao.org/@tensorflow/tfjs-layers/download/@tensorflow/tfjs-layers-1.7.1.tgz",
      "integrity": "sha1-J8QnpciQHaBli9Ay68t0wUfuXHE="
    },
    "@tensorflow/tfjs-vis": {
      "version": "1.4.0",
      "resolved": "https://registry.npm.taobao.org/@tensorflow/tfjs-vis/download/@tensorflow/tfjs-vis-1.4.0.tgz",
      "integrity": "sha1-I/t+XZoVIC/s0XwEvexX4c2Vl4w=",
      "requires": {
        "d3-format": "~1.3.0",
        "d3-selection": "~1.3.0",
        "glamor": "~2.20.40",
        "preact": "~8.2.9",
        "vega": "~5.4.0",
        "vega-embed": "~5.1.2",
        "vega-lite": "~4.0.0-beta.1"
      }
    },
    "@types/clone": {
      "version": "0.1.30",
      "resolved": "https://registry.npm.taobao.org/@types/clone/download/@types/clone-0.1.30.tgz",
      "integrity": "sha1-5zZWSMG0ITalnH1QQGN7O1yDthQ="
    },
    "@types/color-name": {
      "version": "1.1.1",
      "resolved": "https://registry.npm.taobao.org/@types/color-name/download/@types/color-name-1.1.1.tgz",
      "integrity": "sha1-HBJhu+qhCoBVu8XYq4S3sq/IRqA="
    },
    "@types/fast-json-stable-stringify": {
      "version": "2.0.0",
      "resolved": "https://registry.npm.taobao.org/@types/fast-json-stable-stringify/download/@types/fast-json-stable-stringify-2.0.0.tgz",
      "integrity": "sha1-QDY7uEfLhrLC4VmfE5jRHoMpySE="
    },
    "@types/node": {
      "version": "13.9.5",
      "resolved": "https://registry.npm.taobao.org/@types/node/download/@types/node-13.9.5.tgz?cache=0&sync_timestamp=1585327949603&other_urls=https%3A%2F%2Fregistry.npm.taobao.org%2F%40types%2Fnode%2Fdownload%2F%40types%2Fnode-13.9.5.tgz",
      "integrity": "sha1-WXOL8wsxrqH6ot9/Sl9VYTdQzwA="
    },
    "@types/node-fetch": {
      "version": "2.5.5",
      "resolved": "https://registry.npm.taobao.org/@types/node-fetch/download/@types/node-fetch-2.5.5.tgz?cache=0&sync_timestamp=1582589926082&other_urls=https%3A%2F%2Fregistry.npm.taobao.org%2F%40types%2Fnode-fetch%2Fdownload%2F%40types%2Fnode-fetch-2.5.5.tgz",
      "integrity": "sha1-zSZOIKgfRgCmxShk045/73JIXpI=",
      "requires": {
        "@types/node": "*",
        "form-data": "^3.0.0"
      }
    },
    "@types/offscreencanvas": {
      "version": "2019.3.0",
      "resolved": "https://registry.npm.taobao.org/@types/offscreencanvas/download/@types/offscreencanvas-2019.3.0.tgz",
      "integrity": "sha1-MzZCjsfpGAz0Vm3+pdoE61hqZVM="
    },
    "@types/seedrandom": {
      "version": "2.4.27",
      "resolved": "https://registry.npm.taobao.org/@types/seedrandom/download/@types/seedrandom-2.4.27.tgz",
      "integrity": "sha1-nbVjk33YaRX2kJK8QyWdL0hXjkE="
    },
    "@types/webgl-ext": {
      "version": "0.0.30",
      "resolved": "https://registry.npm.taobao.org/@types/webgl-ext/download/@types/webgl-ext-0.0.30.tgz",
      "integrity": "sha1-DOSYwWpBoj0VKJ4LhE2UWyXw+50="
    },
    "@types/webgl2": {
      "version": "0.0.4",
      "resolved": "https://registry.npm.taobao.org/@types/webgl2/download/@types/webgl2-0.0.4.tgz",
      "integrity": "sha1-w7D51rRlxmE46E5kyzvfg3PCwnk="
    },
    "ansi-regex": {
      "version": "5.0.0",
      "resolved": "https://registry.npm.taobao.org/ansi-regex/download/ansi-regex-5.0.0.tgz?cache=0&sync_timestamp=1570188570027&other_urls=https%3A%2F%2Fregistry.npm.taobao.org%2Fansi-regex%2Fdownload%2Fansi-regex-5.0.0.tgz",
      "integrity": "sha1-OIU59VF5vzkznIGvMKZU1p+Hy3U="
    },
    "ansi-styles": {
      "version": "4.2.1",
      "resolved": "https://registry.npm.taobao.org/ansi-styles/download/ansi-styles-4.2.1.tgz",
      "integrity": "sha1-kK51xCTQCNJiTFvynq0xd+v881k=",
      "requires": {
        "@types/color-name": "^1.1.1",
        "color-convert": "^2.0.1"
      }
    },
    "array-flat-polyfill": {
      "version": "1.0.1",
      "resolved": "https://registry.npm.taobao.org/array-flat-polyfill/download/array-flat-polyfill-1.0.1.tgz",
      "integrity": "sha1-HjpCVb5hnfv/v9HWNcHPNXzQNOc="
    },
    "asap": {
      "version": "2.0.6",
      "resolved": "https://registry.npm.taobao.org/asap/download/asap-2.0.6.tgz",
      "integrity": "sha1-5QNHYR1+aQlDIIu9r+vLwvuGbUY="
    },
    "asynckit": {
      "version": "0.4.0",
      "resolved": "https://registry.npm.taobao.org/asynckit/download/asynckit-0.4.0.tgz",
      "integrity": "sha1-x57Zf380y48robyXkLzDZkdLS3k="
    },
    "bowser": {
      "version": "1.9.4",
      "resolved": "https://registry.npm.taobao.org/bowser/download/bowser-1.9.4.tgz",
      "integrity": "sha1-iQxYooE6nTJDcEM0+oG5alwVDJo="
    },
    "camelcase": {
      "version": "5.3.1",
      "resolved": "https://registry.npm.taobao.org/camelcase/download/camelcase-5.3.1.tgz",
      "integrity": "sha1-48mzFWnhBoEd8kL3FXJaH0xJQyA="
    },
    "cliui": {
      "version": "6.0.0",
      "resolved": "https://registry.npm.taobao.org/cliui/download/cliui-6.0.0.tgz?cache=0&sync_timestamp=1573943292170&other_urls=https%3A%2F%2Fregistry.npm.taobao.org%2Fcliui%2Fdownload%2Fcliui-6.0.0.tgz",
      "integrity": "sha1-UR1wLAxOQcoVbX0OlgIfI+EyJbE=",
      "requires": {
        "string-width": "^4.2.0",
        "strip-ansi": "^6.0.0",
        "wrap-ansi": "^6.2.0"
      }
    },
    "clone": {
      "version": "2.1.2",
      "resolved": "https://registry.npm.taobao.org/clone/download/clone-2.1.2.tgz",
      "integrity": "sha1-G39Ln1kfHo+DZwQBYANFoCiHQ18="
    },
    "color-convert": {
      "version": "2.0.1",
      "resolved": "https://registry.npm.taobao.org/color-convert/download/color-convert-2.0.1.tgz?cache=0&sync_timestamp=1566248870121&other_urls=https%3A%2F%2Fregistry.npm.taobao.org%2Fcolor-convert%2Fdownload%2Fcolor-convert-2.0.1.tgz",
      "integrity": "sha1-ctOmjVmMm9s68q0ehPIdiWq9TeM=",
      "requires": {
        "color-name": "~1.1.4"
      }
    },
    "color-name": {
      "version": "1.1.4",
      "resolved": "https://registry.npm.taobao.org/color-name/download/color-name-1.1.4.tgz",
      "integrity": "sha1-wqCah6y95pVD3m9j+jmVyCbFNqI="
    },
    "combined-stream": {
      "version": "1.0.8",
      "resolved": "https://registry.npm.taobao.org/combined-stream/download/combined-stream-1.0.8.tgz",
      "integrity": "sha1-w9RaizT9cwYxoRCoolIGgrMdWn8=",
      "requires": {
        "delayed-stream": "~1.0.0"
      }
    },
    "commander": {
      "version": "2.20.3",
      "resolved": "https://registry.npm.taobao.org/commander/download/commander-2.20.3.tgz",
      "integrity": "sha1-/UhehMA+tIgcIHIrpIA16FMa6zM="
    },
    "core-js": {
      "version": "1.2.7",
      "resolved": "https://registry.npm.taobao.org/core-js/download/core-js-1.2.7.tgz",
      "integrity": "sha1-ZSKUwUZR2yj6k70tX/KYOk8IxjY="
    },
    "css-in-js-utils": {
      "version": "2.0.1",
      "resolved": "https://registry.npm.taobao.org/css-in-js-utils/download/css-in-js-utils-2.0.1.tgz",
      "integrity": "sha1-O0crOYeHKRtHz+PkT+z92ekUupk=",
      "requires": {
        "hyphenate-style-name": "^1.0.2",
        "isobject": "^3.0.1"
      }
    },
    "d3-array": {
      "version": "2.4.0",
      "resolved": "https://registry.npm.taobao.org/d3-array/download/d3-array-2.4.0.tgz",
      "integrity": "sha1-h/i5rREIh2nIK16oRryxzJOT8kI="
    },
    "d3-color": {
      "version": "1.4.0",
      "resolved": "https://registry.npm.taobao.org/d3-color/download/d3-color-1.4.0.tgz",
      "integrity": "sha1-icRamV7Xc7EzFPBkYN8m1gug7K8="
    },
    "d3-delaunay": {
      "version": "5.2.1",
      "resolved": "https://registry.npm.taobao.org/d3-delaunay/download/d3-delaunay-5.2.1.tgz",
      "integrity": "sha1-DEsoDrABlJhqxKPfnIHTK/IWyzY=",
      "requires": {
        "delaunator": "4"
      }
    },
    "d3-dispatch": {
      "version": "1.0.6",
      "resolved": "https://registry.npm.taobao.org/d3-dispatch/download/d3-dispatch-1.0.6.tgz",
      "integrity": "sha1-ANN7zuTdjNl3Kd2JOgrCnKq6XVg="
    },
    "d3-dsv": {
      "version": "1.2.0",
      "resolved": "https://registry.npm.taobao.org/d3-dsv/download/d3-dsv-1.2.0.tgz",
      "integrity": "sha1-nV91w6X4q9YR900/WEew1DOLiFw=",
      "requires": {
        "commander": "2",
        "iconv-lite": "0.4",
        "rw": "1"
      }
    },
    "d3-force": {
      "version": "2.0.1",
      "resolved": "https://registry.npm.taobao.org/d3-force/download/d3-force-2.0.1.tgz",
      "integrity": "sha1-MXUO7oxDU1MB1XEZW/loO+2lNOI=",
      "requires": {
        "d3-dispatch": "1",
        "d3-quadtree": "1",
        "d3-timer": "1"
      }
    },
    "d3-format": {
      "version": "1.3.2",
      "resolved": "https://registry.npm.taobao.org/d3-format/download/d3-format-1.3.2.tgz",
      "integrity": "sha1-apa14xvLmBIqMIY/fZI2XABgNWI="
    },
    "d3-geo": {
      "version": "1.11.9",
      "resolved": "https://registry.npm.taobao.org/d3-geo/download/d3-geo-1.11.9.tgz",
      "integrity": "sha1-d+rtFLpi/CwK71XNKUOEnIZveuY=",
      "requires": {
        "d3-array": "1"
      },
      "dependencies": {
        "d3-array": {
          "version": "1.2.4",
          "resolved": "https://registry.npm.taobao.org/d3-array/download/d3-array-1.2.4.tgz",
          "integrity": "sha1-Y1zk1e6nWfb2BYY9vPww7cc39x8="
        }
      }
    },
    "d3-geo-projection": {
      "version": "2.8.1",
      "resolved": "https://registry.npm.taobao.org/d3-geo-projection/download/d3-geo-projection-2.8.1.tgz",
      "integrity": "sha1-gER+9sxqtWFkbSUcIPSILIGHmTg=",
      "requires": {
        "commander": "2",
        "d3-array": "1",
        "d3-geo": "^1.10.0",
        "resolve": "^1.1.10"
      },
      "dependencies": {
        "d3-array": {
          "version": "1.2.4",
          "resolved": "https://registry.npm.taobao.org/d3-array/download/d3-array-1.2.4.tgz",
          "integrity": "sha1-Y1zk1e6nWfb2BYY9vPww7cc39x8="
        }
      }
    },
    "d3-hierarchy": {
      "version": "1.1.9",
      "resolved": "https://registry.npm.taobao.org/d3-hierarchy/download/d3-hierarchy-1.1.9.tgz",
      "integrity": "sha1-L2vuJMqupD+Nw3VF+gFihVlkeoM="
    },
    "d3-interpolate": {
      "version": "1.4.0",
      "resolved": "https://registry.npm.taobao.org/d3-interpolate/download/d3-interpolate-1.4.0.tgz",
      "integrity": "sha1-Um554tgNqjg/ngwcHH3MDwWD6Yc=",
      "requires": {
        "d3-color": "1"
      }
    },
    "d3-path": {
      "version": "1.0.9",
      "resolved": "https://registry.npm.taobao.org/d3-path/download/d3-path-1.0.9.tgz",
      "integrity": "sha1-SMBQux/owmJJOoyvVSTj6VkXAc8="
    },
    "d3-quadtree": {
      "version": "1.0.7",
      "resolved": "https://registry.npm.taobao.org/d3-quadtree/download/d3-quadtree-1.0.7.tgz",
      "integrity": "sha1-youE33u1N2P+PC8kvUNRN/TlMTU="
    },
    "d3-scale": {
      "version": "3.2.1",
      "resolved": "https://registry.npm.taobao.org/d3-scale/download/d3-scale-3.2.1.tgz",
      "integrity": "sha1-2haErc5yYbS8enb+GT2Ifw6Qnmk=",
      "requires": {
        "d3-array": "1.2.0 - 2",
        "d3-format": "1",
        "d3-interpolate": "^1.2.0",
        "d3-time": "1",
        "d3-time-format": "2"
      }
    },
    "d3-selection": {
      "version": "1.3.2",
      "resolved": "https://registry.npm.taobao.org/d3-selection/download/d3-selection-1.3.2.tgz",
      "integrity": "sha1-bnCp32CAHIryisJNEActgsv99lI="
    },
    "d3-shape": {
      "version": "1.3.7",
      "resolved": "https://registry.npm.taobao.org/d3-shape/download/d3-shape-1.3.7.tgz",
      "integrity": "sha1-32OAG+B7yYa8VPY3ibT+UCmStdc=",
      "requires": {
        "d3-path": "1"
      }
    },
    "d3-time": {
      "version": "1.1.0",
      "resolved": "https://registry.npm.taobao.org/d3-time/download/d3-time-1.1.0.tgz",
      "integrity": "sha1-seGdMH2unJALflsl/8XcwkmooPE="
    },
    "d3-time-format": {
      "version": "2.2.3",
      "resolved": "https://registry.npm.taobao.org/d3-time-format/download/d3-time-format-2.2.3.tgz",
      "integrity": "sha1-DJoS7ig0KyA35eoc8LnrTddfKcs=",
      "requires": {
        "d3-time": "1"
      }
    },
    "d3-timer": {
      "version": "1.0.10",
      "resolved": "https://registry.npm.taobao.org/d3-timer/download/d3-timer-1.0.10.tgz",
      "integrity": "sha1-3+dripF0iDGxO22ceT/71QjdneU="
    },
    "decamelize": {
      "version": "1.2.0",
      "resolved": "https://registry.npm.taobao.org/decamelize/download/decamelize-1.2.0.tgz",
      "integrity": "sha1-9lNNFRSCabIDUue+4m9QH5oZEpA="
    },
    "deepmerge": {
      "version": "4.2.2",
      "resolved": "https://registry.npm.taobao.org/deepmerge/download/deepmerge-4.2.2.tgz?cache=0&sync_timestamp=1572279720382&other_urls=https%3A%2F%2Fregistry.npm.taobao.org%2Fdeepmerge%2Fdownload%2Fdeepmerge-4.2.2.tgz",
      "integrity": "sha1-RNLqNnm49NT/ujPwPYZfwee/SVU="
    },
    "delaunator": {
      "version": "4.0.1",
      "resolved": "https://registry.npm.taobao.org/delaunator/download/delaunator-4.0.1.tgz",
      "integrity": "sha1-PXeWh/V5GaekGPirlH073baEaVc="
    },
    "delayed-stream": {
      "version": "1.0.0",
      "resolved": "https://registry.npm.taobao.org/delayed-stream/download/delayed-stream-1.0.0.tgz",
      "integrity": "sha1-3zrhmayt+31ECqrgsp4icrJOxhk="
    },
    "emoji-regex": {
      "version": "8.0.0",
      "resolved": "https://registry.npm.taobao.org/emoji-regex/download/emoji-regex-8.0.0.tgz",
      "integrity": "sha1-6Bj9ac5cz8tARZT4QpY79TFkzDc="
    },
    "encoding": {
      "version": "0.1.12",
      "resolved": "https://registry.npm.taobao.org/encoding/download/encoding-0.1.12.tgz",
      "integrity": "sha1-U4tm8+5izRq1HsMjgp0flIDHS+s=",
      "requires": {
        "iconv-lite": "~0.4.13"
      }
    },
    "fast-deep-equal": {
      "version": "3.1.1",
      "resolved": "https://registry.npm.taobao.org/fast-deep-equal/download/fast-deep-equal-3.1.1.tgz",
      "integrity": "sha1-VFFFB3xQFJHjOxXsQIwpQ3bpSuQ="
    },
    "fast-json-stable-stringify": {
      "version": "2.0.0",
      "resolved": "https://registry.npm.taobao.org/fast-json-stable-stringify/download/fast-json-stable-stringify-2.0.0.tgz?cache=0&sync_timestamp=1576340291001&other_urls=https%3A%2F%2Fregistry.npm.taobao.org%2Ffast-json-stable-stringify%2Fdownload%2Ffast-json-stable-stringify-2.0.0.tgz",
      "integrity": "sha1-1RQsDK7msRifh9OnYREGT4bIu/I="
    },
    "fbjs": {
      "version": "0.8.17",
      "resolved": "https://registry.npm.taobao.org/fbjs/download/fbjs-0.8.17.tgz",
      "integrity": "sha1-xNWY6taUkRJlPWWIsBpc3Nn5D90=",
      "requires": {
        "core-js": "^1.0.0",
        "isomorphic-fetch": "^2.1.1",
        "loose-envify": "^1.0.0",
        "object-assign": "^4.1.0",
        "promise": "^7.1.1",
        "setimmediate": "^1.0.5",
        "ua-parser-js": "^0.7.18"
      }
    },
    "find-up": {
      "version": "4.1.0",
      "resolved": "https://registry.npm.taobao.org/find-up/download/find-up-4.1.0.tgz?cache=0&other_urls=https%3A%2F%2Fregistry.npm.taobao.org%2Ffind-up%2Fdownload%2Ffind-up-4.1.0.tgz",
      "integrity": "sha1-l6/n1s3AvFkoWEt8jXsW6KmqXRk=",
      "requires": {
        "locate-path": "^5.0.0",
        "path-exists": "^4.0.0"
      }
    },
    "form-data": {
      "version": "3.0.0",
      "resolved": "https://registry.npm.taobao.org/form-data/download/form-data-3.0.0.tgz",
      "integrity": "sha1-MbfjnIXxNVtxOe4MZHzw3n+DxoI=",
      "requires": {
        "asynckit": "^0.4.0",
        "combined-stream": "^1.0.8",
        "mime-types": "^2.1.12"
      }
    },
    "get-caller-file": {
      "version": "2.0.5",
      "resolved": "https://registry.npm.taobao.org/get-caller-file/download/get-caller-file-2.0.5.tgz",
      "integrity": "sha1-T5RBKoLbMvNuOwuXQfipf+sDH34="
    },
    "glamor": {
      "version": "2.20.40",
      "resolved": "https://registry.npm.taobao.org/glamor/download/glamor-2.20.40.tgz",
      "integrity": "sha1-9gZmA1e3zxjfrOcxrRos+pOBfwU=",
      "requires": {
        "fbjs": "^0.8.12",
        "inline-style-prefixer": "^3.0.6",
        "object-assign": "^4.1.1",
        "prop-types": "^15.5.10",
        "through": "^2.3.8"
      }
    },
    "hyphenate-style-name": {
      "version": "1.0.3",
      "resolved": "https://registry.npm.taobao.org/hyphenate-style-name/download/hyphenate-style-name-1.0.3.tgz",
      "integrity": "sha1-CXu3+guPGpzwvVxzTPlYmZgam0g="
    },
    "iconv-lite": {
      "version": "0.4.24",
      "resolved": "https://registry.npm.taobao.org/iconv-lite/download/iconv-lite-0.4.24.tgz?cache=0&sync_timestamp=1579333981154&other_urls=https%3A%2F%2Fregistry.npm.taobao.org%2Ficonv-lite%2Fdownload%2Ficonv-lite-0.4.24.tgz",
      "integrity": "sha1-ICK0sl+93CHS9SSXSkdKr+czkIs=",
      "requires": {
        "safer-buffer": ">= 2.1.2 < 3"
      }
    },
    "inline-style-prefixer": {
      "version": "3.0.8",
      "resolved": "https://registry.npm.taobao.org/inline-style-prefixer/download/inline-style-prefixer-3.0.8.tgz",
      "integrity": "sha1-hVG45bTVcyROZqNLBPfTIHaitTQ=",
      "requires": {
        "bowser": "^1.7.3",
        "css-in-js-utils": "^2.0.0"
      }
    },
    "is-fullwidth-code-point": {
      "version": "3.0.0",
      "resolved": "https://registry.npm.taobao.org/is-fullwidth-code-point/download/is-fullwidth-code-point-3.0.0.tgz",
      "integrity": "sha1-8Rb4Bk/pCz94RKOJl8C3UFEmnx0="
    },
    "is-stream": {
      "version": "1.1.0",
      "resolved": "https://registry.npm.taobao.org/is-stream/download/is-stream-1.1.0.tgz",
      "integrity": "sha1-EtSj3U5o4Lec6428hBc66A2RykQ="
    },
    "isobject": {
      "version": "3.0.1",
      "resolved": "https://registry.npm.taobao.org/isobject/download/isobject-3.0.1.tgz",
      "integrity": "sha1-TkMekrEalzFjaqH5yNHMvP2reN8="
    },
    "isomorphic-fetch": {
      "version": "2.2.1",
      "resolved": "https://registry.npm.taobao.org/isomorphic-fetch/download/isomorphic-fetch-2.2.1.tgz",
      "integrity": "sha1-YRrhrPFPXoH3KVB0coGf6XM1WKk=",
      "requires": {
        "node-fetch": "^1.0.1",
        "whatwg-fetch": ">=0.10.0"
      },
      "dependencies": {
        "node-fetch": {
          "version": "1.7.3",
          "resolved": "https://registry.npm.taobao.org/node-fetch/download/node-fetch-1.7.3.tgz",
          "integrity": "sha1-mA9vcthSEaU0fGsrwYxbhMPrR+8=",
          "requires": {
            "encoding": "^0.1.11",
            "is-stream": "^1.0.1"
          }
        }
      }
    },
    "js-tokens": {
      "version": "4.0.0",
      "resolved": "https://registry.npm.taobao.org/js-tokens/download/js-tokens-4.0.0.tgz",
      "integrity": "sha1-GSA/tZmR35jjoocFDUZHzerzJJk="
    },
    "json-stringify-pretty-compact": {
      "version": "2.0.0",
      "resolved": "https://registry.npm.taobao.org/json-stringify-pretty-compact/download/json-stringify-pretty-compact-2.0.0.tgz",
      "integrity": "sha1-53xBn1L/AMRaMfB/TIIMJDMUOIU="
    },
    "locate-path": {
      "version": "5.0.0",
      "resolved": "https://registry.npm.taobao.org/locate-path/download/locate-path-5.0.0.tgz",
      "integrity": "sha1-Gvujlq/WdqbUJQTQpno6frn2KqA=",
      "requires": {
        "p-locate": "^4.1.0"
      }
    },
    "loose-envify": {
      "version": "1.4.0",
      "resolved": "https://registry.npm.taobao.org/loose-envify/download/loose-envify-1.4.0.tgz",
      "integrity": "sha1-ce5R+nvkyuwaY4OffmgtgTLTDK8=",
      "requires": {
        "js-tokens": "^3.0.0 || ^4.0.0"
      }
    },
    "mime-db": {
      "version": "1.43.0",
      "resolved": "https://registry.npm.taobao.org/mime-db/download/mime-db-1.43.0.tgz?cache=0&sync_timestamp=1578281104943&other_urls=https%3A%2F%2Fregistry.npm.taobao.org%2Fmime-db%2Fdownload%2Fmime-db-1.43.0.tgz",
      "integrity": "sha1-ChLgUCZQ5HPXNVNQUOfI9OtPrlg="
    },
    "mime-types": {
      "version": "2.1.26",
      "resolved": "https://registry.npm.taobao.org/mime-types/download/mime-types-2.1.26.tgz?cache=0&sync_timestamp=1578282585871&other_urls=https%3A%2F%2Fregistry.npm.taobao.org%2Fmime-types%2Fdownload%2Fmime-types-2.1.26.tgz",
      "integrity": "sha1-nJIfwJt+FJpl39wNpNIJlyALCgY=",
      "requires": {
        "mime-db": "1.43.0"
      }
    },
    "node-fetch": {
      "version": "2.1.2",
      "resolved": "https://registry.npm.taobao.org/node-fetch/download/node-fetch-2.1.2.tgz",
      "integrity": "sha1-q4hOjn5X44qUR1POxwb3iNF2i7U="
    },
    "object-assign": {
      "version": "4.1.1",
      "resolved": "https://registry.npm.taobao.org/object-assign/download/object-assign-4.1.1.tgz",
      "integrity": "sha1-IQmtx5ZYh8/AXLvUQsrIv7s2CGM="
    },
    "p-limit": {
      "version": "2.2.2",
      "resolved": "https://registry.npm.taobao.org/p-limit/download/p-limit-2.2.2.tgz",
      "integrity": "sha1-YSebZ3IfUoeqHBOpp/u8SMkpGx4=",
      "requires": {
        "p-try": "^2.0.0"
      }
    },
    "p-locate": {
      "version": "4.1.0",
      "resolved": "https://registry.npm.taobao.org/p-locate/download/p-locate-4.1.0.tgz",
      "integrity": "sha1-o0KLtwiLOmApL2aRkni3wpetTwc=",
      "requires": {
        "p-limit": "^2.2.0"
      }
    },
    "p-try": {
      "version": "2.2.0",
      "resolved": "https://registry.npm.taobao.org/p-try/download/p-try-2.2.0.tgz",
      "integrity": "sha1-yyhoVA4xPWHeWPr741zpAE1VQOY="
    },
    "path-exists": {
      "version": "4.0.0",
      "resolved": "https://registry.npm.taobao.org/path-exists/download/path-exists-4.0.0.tgz",
      "integrity": "sha1-UTvb4tO5XXdi6METfvoZXGxhtbM="
    },
    "path-parse": {
      "version": "1.0.6",
      "resolved": "https://registry.npm.taobao.org/path-parse/download/path-parse-1.0.6.tgz",
      "integrity": "sha1-1i27VnlAXXLEc37FhgDp3c8G0kw="
    },
    "preact": {
      "version": "8.2.9",
      "resolved": "https://registry.npm.taobao.org/preact/download/preact-8.2.9.tgz",
      "integrity": "sha1-gTup3UXl2XxeoNbIbTdbO+cRzEA="
    },
    "promise": {
      "version": "7.3.1",
      "resolved": "https://registry.npm.taobao.org/promise/download/promise-7.3.1.tgz",
      "integrity": "sha1-BktyYCsY+Q8pGSuLG8QY/9Hr078=",
      "requires": {
        "asap": "~2.0.3"
      }
    },
    "prop-types": {
      "version": "15.7.2",
      "resolved": "https://registry.npm.taobao.org/prop-types/download/prop-types-15.7.2.tgz?cache=0&other_urls=https%3A%2F%2Fregistry.npm.taobao.org%2Fprop-types%2Fdownload%2Fprop-types-15.7.2.tgz",
      "integrity": "sha1-UsQedbjIfnK52TYOAga5ncv/psU=",
      "requires": {
        "loose-envify": "^1.4.0",
        "object-assign": "^4.1.1",
        "react-is": "^16.8.1"
      }
    },
    "react-is": {
      "version": "16.13.1",
      "resolved": "https://registry.npm.taobao.org/react-is/download/react-is-16.13.1.tgz",
      "integrity": "sha1-eJcppNw23imZ3BVt1sHZwYzqVqQ="
    },
    "require-directory": {
      "version": "2.1.1",
      "resolved": "https://registry.npm.taobao.org/require-directory/download/require-directory-2.1.1.tgz",
      "integrity": "sha1-jGStX9MNqxyXbiNE/+f3kqam30I="
    },
    "require-main-filename": {
      "version": "2.0.0",
      "resolved": "https://registry.npm.taobao.org/require-main-filename/download/require-main-filename-2.0.0.tgz",
      "integrity": "sha1-0LMp7MfMD2Fkn2IhW+aa9UqomJs="
    },
    "resolve": {
      "version": "1.15.1",
      "resolved": "https://registry.npm.taobao.org/resolve/download/resolve-1.15.1.tgz",
      "integrity": "sha1-J73N7/6vLWJEuVuw+fS0ZTRR8+g=",
      "requires": {
        "path-parse": "^1.0.6"
      }
    },
    "rw": {
      "version": "1.3.3",
      "resolved": "https://registry.npm.taobao.org/rw/download/rw-1.3.3.tgz",
      "integrity": "sha1-P4Yt+pGrdmsUiF700BEkv9oHT7Q="
    },
    "safer-buffer": {
      "version": "2.1.2",
      "resolved": "https://registry.npm.taobao.org/safer-buffer/download/safer-buffer-2.1.2.tgz",
      "integrity": "sha1-RPoWGwGHuVSd2Eu5GAL5vYOFzWo="
    },
    "seedrandom": {
      "version": "2.4.3",
      "resolved": "https://registry.npm.taobao.org/seedrandom/download/seedrandom-2.4.3.tgz",
      "integrity": "sha1-JDhQTa0zkXMUv/GKxNeU8W1qrsw="
    },
    "semver": {
      "version": "6.3.0",
      "resolved": "https://registry.npm.taobao.org/semver/download/semver-6.3.0.tgz?cache=0&sync_timestamp=1581458063470&other_urls=https%3A%2F%2Fregistry.npm.taobao.org%2Fsemver%2Fdownload%2Fsemver-6.3.0.tgz",
      "integrity": "sha1-7gpkyK9ejO6mdoexM3YeG+y9HT0="
    },
    "set-blocking": {
      "version": "2.0.0",
      "resolved": "https://registry.npm.taobao.org/set-blocking/download/set-blocking-2.0.0.tgz",
      "integrity": "sha1-BF+XgtARrppoA93TgrJDkrPYkPc="
    },
    "setimmediate": {
      "version": "1.0.5",
      "resolved": "https://registry.npm.taobao.org/setimmediate/download/setimmediate-1.0.5.tgz",
      "integrity": "sha1-KQy7Iy4waULX1+qbg3Mqt4VvgoU="
    },
    "string-width": {
      "version": "4.2.0",
      "resolved": "https://registry.npm.taobao.org/string-width/download/string-width-4.2.0.tgz?cache=0&other_urls=https%3A%2F%2Fregistry.npm.taobao.org%2Fstring-width%2Fdownload%2Fstring-width-4.2.0.tgz",
      "integrity": "sha1-lSGCxGzHssMT0VluYjmSvRY7crU=",
      "requires": {
        "emoji-regex": "^8.0.0",
        "is-fullwidth-code-point": "^3.0.0",
        "strip-ansi": "^6.0.0"
      }
    },
    "strip-ansi": {
      "version": "6.0.0",
      "resolved": "https://registry.npm.taobao.org/strip-ansi/download/strip-ansi-6.0.0.tgz?cache=0&sync_timestamp=1573280518303&other_urls=https%3A%2F%2Fregistry.npm.taobao.org%2Fstrip-ansi%2Fdownload%2Fstrip-ansi-6.0.0.tgz",
      "integrity": "sha1-CxVx3XZpzNTz4G4U7x7tJiJa5TI=",
      "requires": {
        "ansi-regex": "^5.0.0"
      }
    },
    "through": {
      "version": "2.3.8",
      "resolved": "https://registry.npm.taobao.org/through/download/through-2.3.8.tgz",
      "integrity": "sha1-DdTJ/6q8NXlgsbckEV1+Doai4fU="
    },
    "topojson-client": {
      "version": "3.1.0",
      "resolved": "https://registry.npm.taobao.org/topojson-client/download/topojson-client-3.1.0.tgz",
      "integrity": "sha1-Iuix7QiiuSL+60r29Ttu8JpGe5k=",
      "requires": {
        "commander": "2"
      }
    },
    "tslib": {
      "version": "1.10.0",
      "resolved": "https://registry.npm.taobao.org/tslib/download/tslib-1.10.0.tgz",
      "integrity": "sha1-w8GflZc/sKYpc/sJ2Q2WHuQ+XIo="
    },
    "ua-parser-js": {
      "version": "0.7.21",
      "resolved": "https://registry.npm.taobao.org/ua-parser-js/download/ua-parser-js-0.7.21.tgz",
      "integrity": "sha1-hTz5zpP2QvZxdCc8w0Vlrm8wh3c="
    },
    "vega": {
      "version": "5.4.0",
      "resolved": "https://registry.npm.taobao.org/vega/download/vega-5.4.0.tgz",
      "integrity": "sha1-YvsY3nyzR3o5FKove5gZeVjA/S4=",
      "requires": {
        "vega-crossfilter": "^4.0.1",
        "vega-dataflow": "^5.2.1",
        "vega-encode": "^4.3.0",
        "vega-event-selector": "^2.0.0",
        "vega-expression": "^2.6.0",
        "vega-force": "^4.0.1",
        "vega-functions": "^5.3.0",
        "vega-geo": "^4.0.3",
        "vega-hierarchy": "^4.0.1",
        "vega-loader": "^4.1.0",
        "vega-parser": "^5.7.0",
        "vega-projection": "^1.2.1",
        "vega-regression": "^1.0.0",
        "vega-runtime": "^5.0.1",
        "vega-scale": "^4.1.1",
        "vega-scenegraph": "^4.2.0",
        "vega-statistics": "^1.4.0",
        "vega-transforms": "^4.1.0",
        "vega-typings": "^0.7.0",
        "vega-util": "^1.10.0",
        "vega-view": "^5.2.2",
        "vega-view-transforms": "^4.3.1",
        "vega-voronoi": "^4.0.1",
        "vega-wordcloud": "^4.0.2"
      }
    },
    "vega-canvas": {
      "version": "1.2.1",
      "resolved": "https://registry.npm.taobao.org/vega-canvas/download/vega-canvas-1.2.1.tgz",
      "integrity": "sha1-7gWG4qHwlval0XEN9h71AVYsK9Q="
    },
    "vega-crossfilter": {
      "version": "4.0.1",
      "resolved": "https://registry.npm.taobao.org/vega-crossfilter/download/vega-crossfilter-4.0.1.tgz",
      "integrity": "sha1-n6sNxURehG1zLIOsK1pyIlvG/fE=",
      "requires": {
        "d3-array": "^2.0.3",
        "vega-dataflow": "^5.1.0",
        "vega-util": "^1.8.0"
      }
    },
    "vega-dataflow": {
      "version": "5.5.0",
      "resolved": "https://registry.npm.taobao.org/vega-dataflow/download/vega-dataflow-5.5.0.tgz",
      "integrity": "sha1-mh7NLrD/Aq71PNuHp4KOrlKPjYI=",
      "requires": {
        "vega-loader": "^4.0.0",
        "vega-util": "^1.11.0"
      }
    },
    "vega-embed": {
      "version": "5.1.3",
      "resolved": "https://registry.npm.taobao.org/vega-embed/download/vega-embed-5.1.3.tgz",
      "integrity": "sha1-xddrxICMfhdWoNF5OCPOnFBZLp4=",
      "requires": {
        "d3-selection": "^1.4.0",
        "deepmerge": "^4.0.0",
        "json-stringify-pretty-compact": "^2.0.0",
        "semver": "^6.3.0",
        "vega-schema-url-parser": "^1.1.0",
        "vega-themes": "^2.4.0",
        "vega-tooltip": "^0.19.1"
      },
      "dependencies": {
        "d3-selection": {
          "version": "1.4.1",
          "resolved": "https://registry.npm.taobao.org/d3-selection/download/d3-selection-1.4.1.tgz",
          "integrity": "sha1-mO7bvghfvaW6+i+ePzovTX1iKpg="
        }
      }
    },
    "vega-encode": {
      "version": "4.5.2",
      "resolved": "https://registry.npm.taobao.org/vega-encode/download/vega-encode-4.5.2.tgz",
      "integrity": "sha1-I23KJBvgNAoxNUdVkT3DkZhncm0=",
      "requires": {
        "d3-array": "^2.4.0",
        "d3-format": "^1.4.2",
        "d3-interpolate": "^1.4.0",
        "vega-dataflow": "^5.5.0",
        "vega-scale": "^6.0.0",
        "vega-time": "^1.0.0",
        "vega-util": "^1.12.2"
      },
      "dependencies": {
        "d3-format": {
          "version": "1.4.3",
          "resolved": "https://registry.npm.taobao.org/d3-format/download/d3-format-1.4.3.tgz",
          "integrity": "sha1-To603/P9y4kahInsbmmGAcQblvE="
        },
        "vega-scale": {
          "version": "6.0.0",
          "resolved": "https://registry.npm.taobao.org/vega-scale/download/vega-scale-6.0.0.tgz",
          "integrity": "sha1-sicSewCEHp1QejI1ry+L5HX33oM=",
          "requires": {
            "d3-array": "^2.4.0",
            "d3-interpolate": "^1.4.0",
            "d3-scale": "^3.2.1",
            "vega-util": "^1.12.1"
          }
        }
      }
    },
    "vega-event-selector": {
      "version": "2.0.2",
      "resolved": "https://registry.npm.taobao.org/vega-event-selector/download/vega-event-selector-2.0.2.tgz",
      "integrity": "sha1-u2Thz+BHxoCIeAODGeGK9pkXWdk="
    },
    "vega-expression": {
      "version": "2.6.3",
      "resolved": "https://registry.npm.taobao.org/vega-expression/download/vega-expression-2.6.3.tgz",
      "integrity": "sha1-EREJInZcxJW4rr2OBcTshI2fKzs=",
      "requires": {
        "vega-util": "^1.11.0"
      }
    },
    "vega-force": {
      "version": "4.0.3",
      "resolved": "https://registry.npm.taobao.org/vega-force/download/vega-force-4.0.3.tgz",
      "integrity": "sha1-M+CwPJr2AUb4IQB9nnp2F/6eisY=",
      "requires": {
        "d3-force": "^2.0.1",
        "vega-dataflow": "^5.4.0",
        "vega-util": "^1.11.0"
      }
    },
    "vega-functions": {
      "version": "5.5.1",
      "resolved": "https://registry.npm.taobao.org/vega-functions/download/vega-functions-5.5.1.tgz",
      "integrity": "sha1-hJp8nxnHeJnCaWm2BwxyTNc2YTE=",
      "requires": {
        "d3-array": "^2.4.0",
        "d3-color": "^1.4.0",
        "d3-format": "^1.4.2",
        "d3-geo": "^1.11.9",
        "d3-time-format": "^2.2.2",
        "vega-dataflow": "^5.5.0",
        "vega-expression": "^2.6.3",
        "vega-scale": "^6.0.0",
        "vega-scenegraph": "^4.5.0",
        "vega-selections": "^5.1.0",
        "vega-statistics": "^1.7.1",
        "vega-time": "^1.0.0",
        "vega-util": "^1.12.1"
      },
      "dependencies": {
        "d3-format": {
          "version": "1.4.3",
          "resolved": "https://registry.npm.taobao.org/d3-format/download/d3-format-1.4.3.tgz",
          "integrity": "sha1-To603/P9y4kahInsbmmGAcQblvE="
        },
        "vega-scale": {
          "version": "6.0.0",
          "resolved": "https://registry.npm.taobao.org/vega-scale/download/vega-scale-6.0.0.tgz",
          "integrity": "sha1-sicSewCEHp1QejI1ry+L5HX33oM=",
          "requires": {
            "d3-array": "^2.4.0",
            "d3-interpolate": "^1.4.0",
            "d3-scale": "^3.2.1",
            "vega-util": "^1.12.1"
          }
        }
      }
    },
    "vega-geo": {
      "version": "4.3.0",
      "resolved": "https://registry.npm.taobao.org/vega-geo/download/vega-geo-4.3.0.tgz",
      "integrity": "sha1-PdXTYG8Y3IOcikMDOMajkDGb9Hc=",
      "requires": {
        "d3-array": "^2.4.0",
        "d3-color": "^1.4.0",
        "d3-geo": "^1.11.9",
        "vega-canvas": "^1.2.1",
        "vega-dataflow": "^5.1.1",
        "vega-projection": "^1.4.0",
        "vega-statistics": "^1.7.1",
        "vega-util": "^1.12.1"
      }
    },
    "vega-hierarchy": {
      "version": "4.0.3",
      "resolved": "https://registry.npm.taobao.org/vega-hierarchy/download/vega-hierarchy-4.0.3.tgz",
      "integrity": "sha1-DTa8Ka1vNp+oROPizl+uyYP4sEc=",
      "requires": {
        "d3-hierarchy": "^1.1.8",
        "vega-dataflow": "^5.4.0",
        "vega-util": "^1.11.0"
      }
    },
    "vega-lite": {
      "version": "4.0.2",
      "resolved": "https://registry.npm.taobao.org/vega-lite/download/vega-lite-4.0.2.tgz",
      "integrity": "sha1-CYS2o2j+CuhxPyjcpZI7YIiNlTM=",
      "requires": {
        "@types/clone": "~0.1.30",
        "@types/fast-json-stable-stringify": "^2.0.0",
        "array-flat-polyfill": "^1.0.1",
        "clone": "~2.1.2",
        "fast-deep-equal": "~3.1.1",
        "fast-json-stable-stringify": "~2.0.0",
        "json-stringify-pretty-compact": "~2.0.0",
        "tslib": "~1.10.0",
        "vega-event-selector": "~2.0.2",
        "vega-expression": "~2.6.3",
        "vega-typings": "~0.12.0",
        "vega-util": "~1.12.1",
        "yargs": "~15.0.2"
      },
      "dependencies": {
        "vega-typings": {
          "version": "0.12.4",
          "resolved": "https://registry.npm.taobao.org/vega-typings/download/vega-typings-0.12.4.tgz",
          "integrity": "sha1-47KYcj2xpISq5soc92D/IP1G+uE=",
          "requires": {
            "vega-util": "^1.12.1"
          }
        },
        "vega-util": {
          "version": "1.12.2",
          "resolved": "https://registry.npm.taobao.org/vega-util/download/vega-util-1.12.2.tgz",
          "integrity": "sha1-SZelDlb6S+BQRpZlaK7XIkakDic="
        }
      }
    },
    "vega-loader": {
      "version": "4.2.0",
      "resolved": "https://registry.npm.taobao.org/vega-loader/download/vega-loader-4.2.0.tgz",
      "integrity": "sha1-/MmbNFIv9PxzQWvidm0APsC8EDA=",
      "requires": {
        "d3-dsv": "^1.2.0",
        "d3-time-format": "^2.2.3",
        "node-fetch": "^2.6.0",
        "topojson-client": "^3.1.0",
        "vega-util": "^1.13.1"
      },
      "dependencies": {
        "node-fetch": {
          "version": "2.6.0",
          "resolved": "https://registry.npm.taobao.org/node-fetch/download/node-fetch-2.6.0.tgz",
          "integrity": "sha1-5jNFY4bUqlWGP2dqerDaqP3ssP0="
        }
      }
    },
    "vega-parser": {
      "version": "5.13.0",
      "resolved": "https://registry.npm.taobao.org/vega-parser/download/vega-parser-5.13.0.tgz",
      "integrity": "sha1-xsRzEl2CJ64oTmX43FyADibQP0g=",
      "requires": {
        "vega-dataflow": "^5.5.0",
        "vega-event-selector": "^2.0.2",
        "vega-expression": "^2.6.3",
        "vega-functions": "^5.5.1",
        "vega-scale": "^6.0.0",
        "vega-util": "^1.13.1"
      },
      "dependencies": {
        "vega-scale": {
          "version": "6.0.0",
          "resolved": "https://registry.npm.taobao.org/vega-scale/download/vega-scale-6.0.0.tgz",
          "integrity": "sha1-sicSewCEHp1QejI1ry+L5HX33oM=",
          "requires": {
            "d3-array": "^2.4.0",
            "d3-interpolate": "^1.4.0",
            "d3-scale": "^3.2.1",
            "vega-util": "^1.12.1"
          }
        }
      }
    },
    "vega-projection": {
      "version": "1.4.0",
      "resolved": "https://registry.npm.taobao.org/vega-projection/download/vega-projection-1.4.0.tgz",
      "integrity": "sha1-WMkQswMGhpEyxKJlFhZPhkP9FzQ=",
      "requires": {
        "d3-geo": "^1.11.9",
        "d3-geo-projection": "^2.7.1"
      }
    },
    "vega-regression": {
      "version": "1.0.5",
      "resolved": "https://registry.npm.taobao.org/vega-regression/download/vega-regression-1.0.5.tgz",
      "integrity": "sha1-2+OdxuPLDB9U9jG+Tt7t0zZvSyw=",
      "requires": {
        "d3-array": "^2.4.0",
        "vega-dataflow": "^5.4.1",
        "vega-statistics": "^1.7.3",
        "vega-util": "^1.12.2"
      }
    },
    "vega-runtime": {
      "version": "5.0.2",
      "resolved": "https://registry.npm.taobao.org/vega-runtime/download/vega-runtime-5.0.2.tgz",
      "integrity": "sha1-TX8yfgWy1K3ci3Ry1J61TxEY/2w=",
      "requires": {
        "vega-dataflow": "^5.1.1",
        "vega-util": "^1.11.0"
      }
    },
    "vega-scale": {
      "version": "4.1.3",
      "resolved": "https://registry.npm.taobao.org/vega-scale/download/vega-scale-4.1.3.tgz",
      "integrity": "sha1-Qox7o86selFvhaJZrucEVnlT4pg=",
      "requires": {
        "d3-array": "^2.3.2",
        "d3-interpolate": "^1.3.2",
        "d3-scale": "^3.1.0",
        "d3-time": "^1.1.0",
        "vega-util": "^1.11.0"
      }
    },
    "vega-scenegraph": {
      "version": "4.6.0",
      "resolved": "https://registry.npm.taobao.org/vega-scenegraph/download/vega-scenegraph-4.6.0.tgz",
      "integrity": "sha1-QxsxxyzlKChcWAhZPbspz47Zgeg=",
      "requires": {
        "d3-path": "^1.0.9",
        "d3-shape": "^1.3.7",
        "vega-canvas": "^1.2.1",
        "vega-loader": "^4.2.0",
        "vega-util": "^1.13.1"
      }
    },
    "vega-schema-url-parser": {
      "version": "1.1.0",
      "resolved": "https://registry.npm.taobao.org/vega-schema-url-parser/download/vega-schema-url-parser-1.1.0.tgz",
      "integrity": "sha1-ORaOwE5UaM4nigbBbsDRJgNahbU="
    },
    "vega-selections": {
      "version": "5.1.0",
      "resolved": "https://registry.npm.taobao.org/vega-selections/download/vega-selections-5.1.0.tgz",
      "integrity": "sha1-XL/k1Q5AQSnlYTv6ZHChy2DPYBU=",
      "requires": {
        "vega-expression": "^2.6.1",
        "vega-util": "^1.11.0"
      }
    },
    "vega-statistics": {
      "version": "1.7.3",
      "resolved": "https://registry.npm.taobao.org/vega-statistics/download/vega-statistics-1.7.3.tgz",
      "integrity": "sha1-jOQ27M6/SE98eqYZyITiQnp+BEs=",
      "requires": {
        "d3-array": "^2.4.0"
      }
    },
    "vega-themes": {
      "version": "2.8.3",
      "resolved": "https://registry.npm.taobao.org/vega-themes/download/vega-themes-2.8.3.tgz",
      "integrity": "sha1-P0Kp0ptydL+WPZ1OHDCsDVhB1Po="
    },
    "vega-time": {
      "version": "1.0.0",
      "resolved": "https://registry.npm.taobao.org/vega-time/download/vega-time-1.0.0.tgz",
      "integrity": "sha1-W8Yf8xEmDNISzMjL1zBJvNKbFEA=",
      "requires": {
        "d3-array": "^2.3.3",
        "d3-time": "^1.1.0",
        "d3-time-format": "^2.2.1",
        "vega-util": "^1.12.0"
      }
    },
    "vega-tooltip": {
      "version": "0.19.1",
      "resolved": "https://registry.npm.taobao.org/vega-tooltip/download/vega-tooltip-0.19.1.tgz",
      "integrity": "sha1-sFNLkKffIf7p5pO/TkVWMS+JKW4=",
      "requires": {
        "vega-util": "^1.11.1"
      }
    },
    "vega-transforms": {
      "version": "4.7.0",
      "resolved": "https://registry.npm.taobao.org/vega-transforms/download/vega-transforms-4.7.0.tgz",
      "integrity": "sha1-ULkABupS7Mqq8VU2kF8c66GqD6Q=",
      "requires": {
        "d3-array": "^2.4.0",
        "vega-dataflow": "^5.5.0",
        "vega-statistics": "^1.7.3",
        "vega-time": "^1.0.0",
        "vega-util": "^1.13.1"
      }
    },
    "vega-typings": {
      "version": "0.7.2",
      "resolved": "https://registry.npm.taobao.org/vega-typings/download/vega-typings-0.7.2.tgz",
      "integrity": "sha1-ywLaW90CN5cbor6m1H0cvbxFxSo=",
      "requires": {
        "vega-util": "^1.10.0"
      }
    },
    "vega-util": {
      "version": "1.13.1",
      "resolved": "https://registry.npm.taobao.org/vega-util/download/vega-util-1.13.1.tgz",
      "integrity": "sha1-Pq5RBDGExrhzwXsUh1XCGwEnSg4="
    },
    "vega-view": {
      "version": "5.5.0",
      "resolved": "https://registry.npm.taobao.org/vega-view/download/vega-view-5.5.0.tgz",
      "integrity": "sha1-V5AeW84HXBOJqUm7dh2Usy+RGNA=",
      "requires": {
        "d3-array": "^2.4.0",
        "d3-timer": "^1.0.10",
        "vega-dataflow": "^5.5.0",
        "vega-functions": "^5.5.1",
        "vega-runtime": "^5.0.2",
        "vega-scenegraph": "^4.6.0",
        "vega-util": "^1.13.1"
      }
    },
    "vega-view-transforms": {
      "version": "4.5.1",
      "resolved": "https://registry.npm.taobao.org/vega-view-transforms/download/vega-view-transforms-4.5.1.tgz",
      "integrity": "sha1-/3r8Z62r7CkM+A6llqeJ+JKVIXQ=",
      "requires": {
        "vega-dataflow": "^5.4.1",
        "vega-scenegraph": "^4.4.0",
        "vega-util": "^1.13.1"
      }
    },
    "vega-voronoi": {
      "version": "4.1.1",
      "resolved": "https://registry.npm.taobao.org/vega-voronoi/download/vega-voronoi-4.1.1.tgz",
      "integrity": "sha1-Ggn4ZmHPhcdVgSgvGf8QhgOJNxU=",
      "requires": {
        "d3-delaunay": "^5.1.3",
        "vega-dataflow": "^5.1.1",
        "vega-util": "^1.11.0"
      }
    },
    "vega-wordcloud": {
      "version": "4.0.4",
      "resolved": "https://registry.npm.taobao.org/vega-wordcloud/download/vega-wordcloud-4.0.4.tgz",
      "integrity": "sha1-kWkWXGUkeEieQ8xW4F7b4Uzj08M=",
      "requires": {
        "vega-canvas": "^1.2.1",
        "vega-dataflow": "^5.4.1",
        "vega-scale": "^6.0.0",
        "vega-statistics": "^1.7.1",
        "vega-util": "^1.12.1"
      },
      "dependencies": {
        "vega-scale": {
          "version": "6.0.0",
          "resolved": "https://registry.npm.taobao.org/vega-scale/download/vega-scale-6.0.0.tgz",
          "integrity": "sha1-sicSewCEHp1QejI1ry+L5HX33oM=",
          "requires": {
            "d3-array": "^2.4.0",
            "d3-interpolate": "^1.4.0",
            "d3-scale": "^3.2.1",
            "vega-util": "^1.12.1"
          }
        }
      }
    },
    "whatwg-fetch": {
      "version": "3.0.0",
      "resolved": "https://registry.npm.taobao.org/whatwg-fetch/download/whatwg-fetch-3.0.0.tgz",
      "integrity": "sha1-/IBORYzEYACbGiuWa8iBfSV4rvs="
    },
    "which-module": {
      "version": "2.0.0",
      "resolved": "https://registry.npm.taobao.org/which-module/download/which-module-2.0.0.tgz",
      "integrity": "sha1-2e8H3Od7mQK4o6j6SzHD4/fm6Ho="
    },
    "wrap-ansi": {
      "version": "6.2.0",
      "resolved": "https://registry.npm.taobao.org/wrap-ansi/download/wrap-ansi-6.2.0.tgz",
      "integrity": "sha1-6Tk7oHEC5skaOyIUePAlfNKFblM=",
      "requires": {
        "ansi-styles": "^4.0.0",
        "string-width": "^4.1.0",
        "strip-ansi": "^6.0.0"
      }
    },
    "y18n": {
      "version": "4.0.0",
      "resolved": "https://registry.npm.taobao.org/y18n/download/y18n-4.0.0.tgz",
      "integrity": "sha1-le+U+F7MgdAHwmThkKEg8KPIVms="
    },
    "yargs": {
      "version": "15.0.2",
      "resolved": "https://registry.npm.taobao.org/yargs/download/yargs-15.0.2.tgz",
      "integrity": "sha1-Qki/IY7wUDhcT34U699CVlPRO9M=",
      "requires": {
        "cliui": "^6.0.0",
        "decamelize": "^1.2.0",
        "find-up": "^4.1.0",
        "get-caller-file": "^2.0.1",
        "require-directory": "^2.1.1",
        "require-main-filename": "^2.0.0",
        "set-blocking": "^2.0.0",
        "string-width": "^4.2.0",
        "which-module": "^2.0.0",
        "y18n": "^4.0.0",
        "yargs-parser": "^16.1.0"
      }
    },
    "yargs-parser": {
      "version": "16.1.0",
      "resolved": "https://registry.npm.taobao.org/yargs-parser/download/yargs-parser-16.1.0.tgz",
      "integrity": "sha1-c3R9U64YfnuNvjM/lXFMduoA7PE=",
      "requires": {
        "camelcase": "^5.0.0",
        "decamelize": "^1.2.0"
      }
    }
  }
}
